
Microsoft Visual Studio Solution File, Format Version 12.00
# Visual Studio Version 17
VisualStudioVersion = 17.6.33815.320
MinimumVisualStudioVersion = 10.0.40219.1
Project("{9A19103F-16F7-4668-BE54-9A1E7A4F7556}") = "TrainningJournalAV11", "TrainningJournalAV11\TrainningJournalAV11.csproj", "{085064AE-5F31-43DC-93F7-B5A60D37C691}"
EndProject
Project("{9A19103F-16F7-4668-BE54-9A1E7A4F7556}") = "TrainningJournalAV11.Desktop", "TrainningJournalAV11.Desktop\TrainningJournalAV11.Desktop.csproj", "{1608C8FE-F8FF-4782-A902-A6C1BEA5BA0A}"
EndProject
Global
	GlobalSection(SolutionConfigurationPlatforms) = preSolution
		Debug|Any CPU = Debug|Any CPU
		Release|Any CPU = Release|Any CPU
	EndGlobalSection
	GlobalSection(ProjectConfigurationPlatforms) = postSolution
		{085064AE-5F31-43DC-93F7-B5A60D37C691}.Debug|Any CPU.ActiveCfg = Debug|Any CPU
		{085064AE-5F31-43DC-93F7-B5A60D37C691}.Debug|Any CPU.Build.0 = Debug|Any CPU
		{085064AE-5F31-43DC-93F7-B5A60D37C691}.Release|Any CPU.ActiveCfg = Release|Any CPU
		{085064AE-5F31-43DC-93F7-B5A60D37C691}.Release|Any CPU.Build.0 = Release|Any CPU
		{1608C8FE-F8FF-4782-A902-A6C1BEA5BA0A}.Debug|Any CPU.ActiveCfg = Debug|Any CPU
		{1608C8FE-F8FF-4782-A902-A6C1BEA5BA0A}.Debug|Any CPU.Build.0 = Debug|Any CPU
		{1608C8FE-F8FF-4782-A902-A6C1BEA5BA0A}.Release|Any CPU.ActiveCfg = Release|Any CPU
		{1608C8FE-F8FF-4782-A902-A6C1BEA5BA0A}.Release|Any CPU.Build.0 = Release|Any CPU
	EndGlobalSection
	GlobalSection(SolutionProperties) = preSolution
		HideSolutionNode = FALSE
	EndGlobalSection
	GlobalSection(ExtensibilityGlobals) = postSolution
		SolutionGuid = {62F03EE8-2AB0-44C4-957E-2DF1497960E8}
	EndGlobalSection
EndGlobal
